PODS:
  - background_locator (0.0.1):
    - Flutter
  - Flutter (1.0.0)
  - flutter_local_notifications (0.0.1):
    - Flutter
  - "location_permissions (3.0.0+1)":
    - Flutter
  - shared_preferences (0.0.1):
    - Flutter

DEPENDENCIES:
  - background_locator (from `.symlinks/plugins/background_locator/ios`)
  - Flutter (from `Flutter`)
  - flutter_local_notifications (from `.symlinks/plugins/flutter_local_notifications/ios`)
  - location_permissions (from `.symlinks/plugins/location_permissions/ios`)
  - shared_preferences (from `.symlinks/plugins/shared_preferences/ios`)

EXTERNAL SOURCES:
  background_locator:
    :path: ".symlinks/plugins/background_locator/ios"
  Flutter:
    :path: Flutter
  flutter_local_notifications:
    :path: ".symlinks/plugins/flutter_local_notifications/ios"
  location_permissions:
    :path: ".symlinks/plugins/location_permissions/ios"
  shared_preferences:
    :path: ".symlinks/plugins/shared_preferences/ios"

SPEC CHECKSUMS:
  background_locator: d8daad218f2282920654de8a649b430d75c218d9
  Flutter: 434fef37c0980e73bb6479ef766c45957d4b510c
  flutter_local_notifications: 0c0b1ae97e741e1521e4c1629a459d04b9aec743
  location_permissions: 7e0f9aa0f60deb8ff93ddf0e2a164c7e8197bc94
  shared_preferences: af6bfa751691cdc24be3045c43ec037377ada40d

PODFILE CHECKSUM: fe0e1ee7f3d1f7d00b11b474b62dd62134535aea

COCOAPODS: 1.10.0
